<?xml version="1.0" encoding="utf-8"?>
<Project ToolsVersion="4.0" xmlns="http://schemas.microsoft.com/developer/msbuild/2003">
  <ItemGroup>
    <None Include="..\.gitattributes" />
+   <None Include="..\checkubuntu.sh" />
    <None Include="..\clean.sh" />
    <None Include="..\debugbuild.sh" />
    <None Include="..\README.md" />
    <None Include="..\test.sh" />
    <None Include="..\testcoverage.sh" />
    <None Include="..\testerrorhandling.sh" />
    <None Include="..\testwasm.sh" />
    <None Include="..\.vscode\launch.json">
      <Filter>.vscode</Filter>
    </None>
    <None Include="..\.vscode\tasks.json">
      <Filter>.vscode</Filter>
    </None>
  </ItemGroup>
  <ItemGroup>
    <Text Include="..\CMakeLists.txt" />
    <Text Include="..\CONTRIBUTORS.txt" />
    <Text Include="..\LICENSE.txt" />
  </ItemGroup>
  <ItemGroup>
    <Filter Include="include">
      <UniqueIdentifier>{7d1f616f-7287-40f4-9c0e-01d41a3a11f3}</UniqueIdentifier>
    </Filter>
    <Filter Include="src">
      <UniqueIdentifier>{5565279d-eb2a-4366-93e6-ba58b7f8eb1a}</UniqueIdentifier>
    </Filter>
    <Filter Include="include\hx">
      <UniqueIdentifier>{fc36403a-f6ab-4767-ab09-b198601a0e82}</UniqueIdentifier>
    </Filter>
    <Filter Include="test">
      <UniqueIdentifier>{2455cce9-b002-486c-baa8-1400d4362553}</UniqueIdentifier>
    </Filter>
    <Filter Include="include\hx\internal">
      <UniqueIdentifier>{2a023416-46bf-4c2c-a257-3b569eff4f6b}</UniqueIdentifier>
    </Filter>
    <Filter Include=".vscode">
      <UniqueIdentifier>{bd9d2bcc-0275-4104-bc61-ac9e5e52bf02}</UniqueIdentifier>
    </Filter>
  </ItemGroup>
  <ItemGroup>
    <ClInclude Include="..\include\hx\hatchling.h">
      <Filter>include\hx</Filter>
    </ClInclude>
    <ClInclude Include="..\include\hx\hxAllocator.hpp">
      <Filter>include\hx</Filter>
    </ClInclude>
    <ClInclude Include="..\include\hx\hxArray.hpp">
      <Filter>include\hx</Filter>
    </ClInclude>
    <ClInclude Include="..\include\hx\hxConsole.hpp">
      <Filter>include\hx</Filter>
    </ClInclude>
    <ClInclude Include="..\include\hx\hxDma.hpp">
      <Filter>include\hx</Filter>
    </ClInclude>
    <ClInclude Include="..\include\hx\hxFile.hpp">
      <Filter>include\hx</Filter>
    </ClInclude>
    <ClInclude Include="..\include\hx\hxHashTable.hpp">
      <Filter>include\hx</Filter>
    </ClInclude>
    <ClInclude Include="..\include\hx\hxHashTableNodes.hpp">
      <Filter>include\hx</Filter>
    </ClInclude>
    <ClInclude Include="..\include\hx\hxMemoryManager.h">
      <Filter>include\hx</Filter>
    </ClInclude>
    <ClInclude Include="..\include\hx\hxProfiler.hpp">
      <Filter>include\hx</Filter>
    </ClInclude>
    <ClInclude Include="..\include\hx\hxSettings.h">
      <Filter>include\hx</Filter>
    </ClInclude>
    <ClInclude Include="..\include\hx\hxSort.hpp">
      <Filter>include\hx</Filter>
    </ClInclude>
    <ClInclude Include="..\include\hx\hxStringLiteralHash.h">
      <Filter>include\hx</Filter>
    </ClInclude>
    <ClInclude Include="..\include\hx\hxTask.hpp">
      <Filter>include\hx</Filter>
    </ClInclude>
    <ClInclude Include="..\include\hx\hxTaskQueue.hpp">
      <Filter>include\hx</Filter>
    </ClInclude>
    <ClInclude Include="..\include\hx\hxTest.hpp">
      <Filter>include\hx</Filter>
    </ClInclude>
    <ClInclude Include="..\include\hx\hxTime.hpp">
      <Filter>include\hx</Filter>
    </ClInclude>
    <ClInclude Include="..\include\hx\internal\hxConsoleInternal.h">
      <Filter>include\hx\internal</Filter>
    </ClInclude>
    <ClInclude Include="..\include\hx\internal\hxHashTableInternal.h">
      <Filter>include\hx\internal</Filter>
    </ClInclude>
    <ClInclude Include="..\include\hx\internal\hxProfilerInternal.h">
      <Filter>include\hx\internal</Filter>
    </ClInclude>
    <ClInclude Include="..\include\hx\internal\hxTestInternal.h">
      <Filter>include\hx\internal</Filter>
    </ClInclude>
  </ItemGroup>
  <ItemGroup>
    <ClCompile Include="..\src\hatchling.cpp">
      <Filter>src</Filter>
    </ClCompile>
    <ClCompile Include="..\src\hxConsole.cpp">
      <Filter>src</Filter>
    </ClCompile>
    <ClCompile Include="..\src\hxCUtils.c">
      <Filter>src</Filter>
    </ClCompile>
    <ClCompile Include="..\src\hxDma.cpp">
      <Filter>src</Filter>
    </ClCompile>
    <ClCompile Include="..\src\hxFile.cpp">
      <Filter>src</Filter>
    </ClCompile>
    <ClCompile Include="..\src\hxMemoryManager.cpp">
      <Filter>src</Filter>
    </ClCompile>
    <ClCompile Include="..\src\hxProfiler.cpp">
      <Filter>src</Filter>
    </ClCompile>
    <ClCompile Include="..\src\hxSettings.cpp">
      <Filter>src</Filter>
    </ClCompile>
    <ClCompile Include="..\src\hxSort.cpp">
      <Filter>src</Filter>
    </ClCompile>
    <ClCompile Include="..\src\hxStringLiteralHash.cpp">
      <Filter>src</Filter>
    </ClCompile>
    <ClCompile Include="..\src\hxTaskQueue.cpp">
      <Filter>src</Filter>
    </ClCompile>
    <ClCompile Include="..\test\hxArrayTest.cpp">
      <Filter>test</Filter>
    </ClCompile>
    <ClCompile Include="..\test\hxConsoleTest.cpp">
      <Filter>test</Filter>
    </ClCompile>
    <ClCompile Include="..\test\hxDmaTest.cpp">
      <Filter>test</Filter>
    </ClCompile>
    <ClCompile Include="..\test\hxFileTest.cpp">
      <Filter>test</Filter>
    </ClCompile>
    <ClCompile Include="..\test\hxHashTableTest.cpp">
      <Filter>test</Filter>
    </ClCompile>
    <ClCompile Include="..\test\hxMemoryManagerTest.cpp">
      <Filter>test</Filter>
    </ClCompile>
    <ClCompile Include="..\test\hxProfilerTest.cpp">
      <Filter>test</Filter>
    </ClCompile>
    <ClCompile Include="..\test\hxSortTest.cpp">
      <Filter>test</Filter>
    </ClCompile>
    <ClCompile Include="..\test\hxStringHashTest.cpp">
      <Filter>test</Filter>
    </ClCompile>
    <ClCompile Include="..\test\hxTaskQueueTest.cpp">
      <Filter>test</Filter>
    </ClCompile>
    <ClCompile Include="..\test\hxTestMain.cpp">
      <Filter>test</Filter>
    </ClCompile>
  </ItemGroup>
</Project>